# THIS IS AN AUTOGENERATED FILE. DO NOT EDIT THIS FILE DIRECTLY.
# yarn lockfile v1


"@dcloudio/uni-ui@^1.1.8":
  version "1.1.8"
  resolved "https://registry.npmjs.org/@dcloudio/uni-ui/-/uni-ui-1.1.8.tgz#66d112d8c9104835e635f293a82d760aacb2733d"
  integrity sha512-a8XehUby0862kosbv5vFDG7sbq2wGxqCjfpzWPqF8Q64uFtlB+jxgLn2enTKswNMldh/yI3SlSZ3m+Bo2qGESw==
